
Microsoft Visual Studio Solution File, Format Version 12.00
# Visual Studio Version 17
VisualStudioVersion = 17.10.35013.160
MinimumVisualStudioVersion = 10.0.40219.1
Project("{FAE04EC0-301F-11D3-BF4B-00C04F79EFBC}") = "DotnetCoreAPIEFCoreCosmosDB", "DotnetCoreAPIEFCoreCosmosDB\DotnetCoreAPIEFCoreCosmosDB.csproj", "{AC504EED-81D2-4171-86C1-CEB2039B03B5}"
EndProject
Global
	GlobalSection(SolutionConfigurationPlatforms) = preSolution
		Debug|Any CPU = Debug|Any CPU
		Release|Any CPU = Release|Any CPU
	EndGlobalSection
	GlobalSection(ProjectConfigurationPlatforms) = postSolution
		{AC504EED-81D2-4171-86C1-CEB2039B03B5}.Debug|Any CPU.ActiveCfg = Debug|Any CPU
		{AC504EED-81D2-4171-86C1-CEB2039B03B5}.Debug|Any CPU.Build.0 = Debug|Any CPU
		{AC504EED-81D2-4171-86C1-CEB2039B03B5}.Release|Any CPU.ActiveCfg = Release|Any CPU
		{AC504EED-81D2-4171-86C1-CEB2039B03B5}.Release|Any CPU.Build.0 = Release|Any CPU
	EndGlobalSection
	GlobalSection(SolutionProperties) = preSolution
		HideSolutionNode = FALSE
	EndGlobalSection
	GlobalSection(ExtensibilityGlobals) = postSolution
		SolutionGuid = {2AA0F585-A813-47C6-9AB4-261D3B34672C}
	EndGlobalSection
EndGlobal
